
Microsoft Visual Studio Solution File, Format Version 12.00
# Visual Studio Version 17
VisualStudioVersion = 17.13.35825.156
MinimumVisualStudioVersion = 10.0.40219.1
Project("{FAE04EC0-301F-11D3-BF4B-00C04F79EFBC}") = "HireMeNow-AD03", "HireMeNow\HireMeNow-AD03.csproj", "{9534405D-D09B-4BA2-B50F-E7282E1A31B2}"
EndProject
Project("{FAE04EC0-301F-11D3-BF4B-00C04F79EFBC}") = "Domain", "Domain\Domain.csproj", "{3A0E4E86-599D-44BD-BCBD-8AAD86674959}"
EndProject
Global
	GlobalSection(SolutionConfigurationPlatforms) = preSolution
		Debug|Any CPU = Debug|Any CPU
		Release|Any CPU = Release|Any CPU
	EndGlobalSection
	GlobalSection(ProjectConfigurationPlatforms) = postSolution
		{9534405D-D09B-4BA2-B50F-E7282E1A31B2}.Debug|Any CPU.ActiveCfg = Debug|Any CPU
		{9534405D-D09B-4BA2-B50F-E7282E1A31B2}.Debug|Any CPU.Build.0 = Debug|Any CPU
		{9534405D-D09B-4BA2-B50F-E7282E1A31B2}.Release|Any CPU.ActiveCfg = Release|Any CPU
		{9534405D-D09B-4BA2-B50F-E7282E1A31B2}.Release|Any CPU.Build.0 = Release|Any CPU
		{3A0E4E86-599D-44BD-BCBD-8AAD86674959}.Debug|Any CPU.ActiveCfg = Debug|Any CPU
		{3A0E4E86-599D-44BD-BCBD-8AAD86674959}.Debug|Any CPU.Build.0 = Debug|Any CPU
		{3A0E4E86-599D-44BD-BCBD-8AAD86674959}.Release|Any CPU.ActiveCfg = Release|Any CPU
		{3A0E4E86-599D-44BD-BCBD-8AAD86674959}.Release|Any CPU.Build.0 = Release|Any CPU
	EndGlobalSection
	GlobalSection(SolutionProperties) = preSolution
		HideSolutionNode = FALSE
	EndGlobalSection
	GlobalSection(ExtensibilityGlobals) = postSolution
		SolutionGuid = {1AAD0721-D8BE-4A1B-BBEE-0F9AC4260AB7}
	EndGlobalSection
EndGlobal
